
Microsoft Visual Studio Solution File, Format Version 12.00
# Visual Studio 14
VisualStudioVersion = 14.0.23107.0
MinimumVisualStudioVersion = 10.0.40219.1
Project("{FAE04EC0-301F-11D3-BF4B-00C04F79EFBC}") = "1.Permutations", "Permutations\1.Permutations.csproj", "{BBFEE559-B9A1-45F9-9B3A-827297FFD9D5}"
EndProject
Project("{FAE04EC0-301F-11D3-BF4B-00C04F79EFBC}") = "2.LoopPermutations", "LoopPermutations\2.LoopPermutations.csproj", "{5497DC4D-D135-475E-923E-25DC250054F4}"
EndProject
Project("{FAE04EC0-301F-11D3-BF4B-00C04F79EFBC}") = "4.SubsetOfStringArray", "SubsetOfStringArray\4.SubsetOfStringArray.csproj", "{33310568-8371-4867-A24C-F8B2F0B9053B}"
EndProject
Project("{FAE04EC0-301F-11D3-BF4B-00C04F79EFBC}") = "3.LoopCombinations", "LoopCombinations\3.LoopCombinations.csproj", "{8177E760-3FA9-4F2C-B937-A47ED42AA8E6}"
EndProject
Project("{FAE04EC0-301F-11D3-BF4B-00C04F79EFBC}") = "5.PermutationWithRepetition", "PermutationWithRepetition\5.PermutationWithRepetition.csproj", "{9616E6F2-5EC9-45E9-AC7C-292279A75E87}"
EndProject
Global
	GlobalSection(SolutionConfigurationPlatforms) = preSolution
		Debug|Any CPU = Debug|Any CPU
		Release|Any CPU = Release|Any CPU
	EndGlobalSection
	GlobalSection(ProjectConfigurationPlatforms) = postSolution
		{BBFEE559-B9A1-45F9-9B3A-827297FFD9D5}.Debug|Any CPU.ActiveCfg = Debug|Any CPU
		{BBFEE559-B9A1-45F9-9B3A-827297FFD9D5}.Debug|Any CPU.Build.0 = Debug|Any CPU
		{BBFEE559-B9A1-45F9-9B3A-827297FFD9D5}.Release|Any CPU.ActiveCfg = Release|Any CPU
		{BBFEE559-B9A1-45F9-9B3A-827297FFD9D5}.Release|Any CPU.Build.0 = Release|Any CPU
		{5497DC4D-D135-475E-923E-25DC250054F4}.Debug|Any CPU.ActiveCfg = Debug|Any CPU
		{5497DC4D-D135-475E-923E-25DC250054F4}.Debug|Any CPU.Build.0 = Debug|Any CPU
		{5497DC4D-D135-475E-923E-25DC250054F4}.Release|Any CPU.ActiveCfg = Release|Any CPU
		{5497DC4D-D135-475E-923E-25DC250054F4}.Release|Any CPU.Build.0 = Release|Any CPU
		{33310568-8371-4867-A24C-F8B2F0B9053B}.Debug|Any CPU.ActiveCfg = Debug|Any CPU
		{33310568-8371-4867-A24C-F8B2F0B9053B}.Debug|Any CPU.Build.0 = Debug|Any CPU
		{33310568-8371-4867-A24C-F8B2F0B9053B}.Release|Any CPU.ActiveCfg = Release|Any CPU
		{33310568-8371-4867-A24C-F8B2F0B9053B}.Release|Any CPU.Build.0 = Release|Any CPU
		{8177E760-3FA9-4F2C-B937-A47ED42AA8E6}.Debug|Any CPU.ActiveCfg = Debug|Any CPU
		{8177E760-3FA9-4F2C-B937-A47ED42AA8E6}.Debug|Any CPU.Build.0 = Debug|Any CPU
		{8177E760-3FA9-4F2C-B937-A47ED42AA8E6}.Release|Any CPU.ActiveCfg = Release|Any CPU
		{8177E760-3FA9-4F2C-B937-A47ED42AA8E6}.Release|Any CPU.Build.0 = Release|Any CPU
		{9616E6F2-5EC9-45E9-AC7C-292279A75E87}.Debug|Any CPU.ActiveCfg = Debug|Any CPU
		{9616E6F2-5EC9-45E9-AC7C-292279A75E87}.Debug|Any CPU.Build.0 = Debug|Any CPU
		{9616E6F2-5EC9-45E9-AC7C-292279A75E87}.Release|Any CPU.ActiveCfg = Release|Any CPU
		{9616E6F2-5EC9-45E9-AC7C-292279A75E87}.Release|Any CPU.Build.0 = Release|Any CPU
	EndGlobalSection
	GlobalSection(SolutionProperties) = preSolution
		HideSolutionNode = FALSE
	EndGlobalSection
EndGlobal
