
Microsoft Visual Studio Solution File, Format Version 12.00
# Visual Studio 2013
VisualStudioVersion = 12.0.31101.0
MinimumVisualStudioVersion = 10.0.40219.1
Project("{2150E333-8FDC-42A3-9474-1A3956D46DE8}") = "Data", "Data", "{FA3A7406-D9C4-402C-B9A3-40323AE78FEB}"
EndProject
Project("{FAE04EC0-301F-11D3-BF4B-00C04F79EFBC}") = "Bookmarks.Models", "Bookmarks.Models\Bookmarks.Models.csproj", "{EB4C043C-5D99-40FD-9BDC-66FDF6C7F0C4}"
EndProject
Project("{2150E333-8FDC-42A3-9474-1A3956D46DE8}") = "Web", "Web", "{5719E31B-BEBD-408E-B97D-483154944B78}"
EndProject
Project("{FAE04EC0-301F-11D3-BF4B-00C04F79EFBC}") = "Bookmarks.Web", "Bookmarks.Web\Bookmarks.Web.csproj", "{85D42C6B-F695-4862-850E-6E6BEA6EE1F1}"
EndProject
Project("{FAE04EC0-301F-11D3-BF4B-00C04F79EFBC}") = "Bookmarks.Data", "Bookmarks.Data\Bookmarks.Data.csproj", "{00DCDD18-0319-49E0-9B3D-BE6443967BB3}"
EndProject
Project("{FAE04EC0-301F-11D3-BF4B-00C04F79EFBC}") = "Bookmarks.Repository", "Bookmarks.Repository\Bookmarks.Repository.csproj", "{C9A7D60B-B073-45BD-AFF9-2B7E4B7EA2BB}"
EndProject
Project("{FAE04EC0-301F-11D3-BF4B-00C04F79EFBC}") = "Bookmarks.UnitOfWork", "Bookmarks.UnitOfWork\Bookmarks.UnitOfWork.csproj", "{382EA65F-D7A2-4321-8664-67C0F3060A56}"
EndProject
Global
	GlobalSection(SolutionConfigurationPlatforms) = preSolution
		Debug|Any CPU = Debug|Any CPU
		Release|Any CPU = Release|Any CPU
	EndGlobalSection
	GlobalSection(ProjectConfigurationPlatforms) = postSolution
		{EB4C043C-5D99-40FD-9BDC-66FDF6C7F0C4}.Debug|Any CPU.ActiveCfg = Debug|Any CPU
		{EB4C043C-5D99-40FD-9BDC-66FDF6C7F0C4}.Debug|Any CPU.Build.0 = Debug|Any CPU
		{EB4C043C-5D99-40FD-9BDC-66FDF6C7F0C4}.Release|Any CPU.ActiveCfg = Release|Any CPU
		{EB4C043C-5D99-40FD-9BDC-66FDF6C7F0C4}.Release|Any CPU.Build.0 = Release|Any CPU
		{85D42C6B-F695-4862-850E-6E6BEA6EE1F1}.Debug|Any CPU.ActiveCfg = Debug|Any CPU
		{85D42C6B-F695-4862-850E-6E6BEA6EE1F1}.Debug|Any CPU.Build.0 = Debug|Any CPU
		{85D42C6B-F695-4862-850E-6E6BEA6EE1F1}.Release|Any CPU.ActiveCfg = Release|Any CPU
		{85D42C6B-F695-4862-850E-6E6BEA6EE1F1}.Release|Any CPU.Build.0 = Release|Any CPU
		{00DCDD18-0319-49E0-9B3D-BE6443967BB3}.Debug|Any CPU.ActiveCfg = Debug|Any CPU
		{00DCDD18-0319-49E0-9B3D-BE6443967BB3}.Debug|Any CPU.Build.0 = Debug|Any CPU
		{00DCDD18-0319-49E0-9B3D-BE6443967BB3}.Release|Any CPU.ActiveCfg = Release|Any CPU
		{00DCDD18-0319-49E0-9B3D-BE6443967BB3}.Release|Any CPU.Build.0 = Release|Any CPU
		{C9A7D60B-B073-45BD-AFF9-2B7E4B7EA2BB}.Debug|Any CPU.ActiveCfg = Debug|Any CPU
		{C9A7D60B-B073-45BD-AFF9-2B7E4B7EA2BB}.Debug|Any CPU.Build.0 = Debug|Any CPU
		{C9A7D60B-B073-45BD-AFF9-2B7E4B7EA2BB}.Release|Any CPU.ActiveCfg = Release|Any CPU
		{C9A7D60B-B073-45BD-AFF9-2B7E4B7EA2BB}.Release|Any CPU.Build.0 = Release|Any CPU
		{382EA65F-D7A2-4321-8664-67C0F3060A56}.Debug|Any CPU.ActiveCfg = Debug|Any CPU
		{382EA65F-D7A2-4321-8664-67C0F3060A56}.Debug|Any CPU.Build.0 = Debug|Any CPU
		{382EA65F-D7A2-4321-8664-67C0F3060A56}.Release|Any CPU.ActiveCfg = Release|Any CPU
		{382EA65F-D7A2-4321-8664-67C0F3060A56}.Release|Any CPU.Build.0 = Release|Any CPU
	EndGlobalSection
	GlobalSection(SolutionProperties) = preSolution
		HideSolutionNode = FALSE
	EndGlobalSection
	GlobalSection(NestedProjects) = preSolution
		{EB4C043C-5D99-40FD-9BDC-66FDF6C7F0C4} = {FA3A7406-D9C4-402C-B9A3-40323AE78FEB}
		{85D42C6B-F695-4862-850E-6E6BEA6EE1F1} = {5719E31B-BEBD-408E-B97D-483154944B78}
		{00DCDD18-0319-49E0-9B3D-BE6443967BB3} = {FA3A7406-D9C4-402C-B9A3-40323AE78FEB}
		{C9A7D60B-B073-45BD-AFF9-2B7E4B7EA2BB} = {FA3A7406-D9C4-402C-B9A3-40323AE78FEB}
		{382EA65F-D7A2-4321-8664-67C0F3060A56} = {FA3A7406-D9C4-402C-B9A3-40323AE78FEB}
	EndGlobalSection
EndGlobal
