
Microsoft Visual Studio Solution File, Format Version 12.00
# Visual Studio 2013
VisualStudioVersion = 12.0.31101.0
MinimumVisualStudioVersion = 10.0.40219.1
Project("{FAE04EC0-301F-11D3-BF4B-00C04F79EFBC}") = "EventsInRange", "EventsInRange\EventsInRange.csproj", "{AADC3893-1A9A-478E-A478-31FD625F4923}"
EndProject
Global
	GlobalSection(SolutionConfigurationPlatforms) = preSolution
		Debug|Any CPU = Debug|Any CPU
		Release|Any CPU = Release|Any CPU
	EndGlobalSection
	GlobalSection(ProjectConfigurationPlatforms) = postSolution
		{AADC3893-1A9A-478E-A478-31FD625F4923}.Debug|Any CPU.ActiveCfg = Debug|Any CPU
		{AADC3893-1A9A-478E-A478-31FD625F4923}.Debug|Any CPU.Build.0 = Debug|Any CPU
		{AADC3893-1A9A-478E-A478-31FD625F4923}.Release|Any CPU.ActiveCfg = Release|Any CPU
		{AADC3893-1A9A-478E-A478-31FD625F4923}.Release|Any CPU.Build.0 = Release|Any CPU
	EndGlobalSection
	GlobalSection(SolutionProperties) = preSolution
		HideSolutionNode = FALSE
	EndGlobalSection
EndGlobal
